
Microsoft Visual Studio Solution File, Format Version 12.00
# Visual Studio Version 17
VisualStudioVersion = 17.11.35312.102
MinimumVisualStudioVersion = 10.0.40219.1
Project("{FAE04EC0-301F-11D3-BF4B-00C04F79EFBC}") = "BaglantiBookdApp_01", "BaglantiBookdApp_01\BaglantiBookdApp_01.csproj", "{62A52F39-4BF0-4BFD-B6A8-4E08FE7916EE}"
EndProject
Global
	GlobalSection(SolutionConfigurationPlatforms) = preSolution
		Debug|Any CPU = Debug|Any CPU
		Release|Any CPU = Release|Any CPU
	EndGlobalSection
	GlobalSection(ProjectConfigurationPlatforms) = postSolution
		{62A52F39-4BF0-4BFD-B6A8-4E08FE7916EE}.Debug|Any CPU.ActiveCfg = Debug|Any CPU
		{62A52F39-4BF0-4BFD-B6A8-4E08FE7916EE}.Debug|Any CPU.Build.0 = Debug|Any CPU
		{62A52F39-4BF0-4BFD-B6A8-4E08FE7916EE}.Release|Any CPU.ActiveCfg = Release|Any CPU
		{62A52F39-4BF0-4BFD-B6A8-4E08FE7916EE}.Release|Any CPU.Build.0 = Release|Any CPU
	EndGlobalSection
	GlobalSection(SolutionProperties) = preSolution
		HideSolutionNode = FALSE
	EndGlobalSection
	GlobalSection(ExtensibilityGlobals) = postSolution
		SolutionGuid = {92B9DC05-3BF2-4959-A1C0-0A4807A86D4A}
	EndGlobalSection
EndGlobal
